
Microsoft Visual Studio Solution File, Format Version 12.00
# Visual Studio Version 17
VisualStudioVersion = 17.7.34031.279
MinimumVisualStudioVersion = 10.0.40219.1
Project("{FAE04EC0-301F-11D3-BF4B-00C04F79EFBC}") = "ProjeCore", "ProjeCore\ProjeCore.csproj", "{D8627C5C-5F4F-4CBA-83DA-8B490B0B1DF3}"
EndProject
Global
	GlobalSection(SolutionConfigurationPlatforms) = preSolution
		Debug|Any CPU = Debug|Any CPU
		Release|Any CPU = Release|Any CPU
	EndGlobalSection
	GlobalSection(ProjectConfigurationPlatforms) = postSolution
		{D8627C5C-5F4F-4CBA-83DA-8B490B0B1DF3}.Debug|Any CPU.ActiveCfg = Debug|Any CPU
		{D8627C5C-5F4F-4CBA-83DA-8B490B0B1DF3}.Debug|Any CPU.Build.0 = Debug|Any CPU
		{D8627C5C-5F4F-4CBA-83DA-8B490B0B1DF3}.Release|Any CPU.ActiveCfg = Release|Any CPU
		{D8627C5C-5F4F-4CBA-83DA-8B490B0B1DF3}.Release|Any CPU.Build.0 = Release|Any CPU
	EndGlobalSection
	GlobalSection(SolutionProperties) = preSolution
		HideSolutionNode = FALSE
	EndGlobalSection
	GlobalSection(ExtensibilityGlobals) = postSolution
		SolutionGuid = {72E4AC99-F770-4A7B-8907-1FB1D9156670}
	EndGlobalSection
EndGlobal
